# This file is automatically @generated by Cargo.
# It is not intended for manual editing.
[[package]]
name = "adler32"
version = "1.1.0"
source = "registry+https://github.com/rust-lang/crates.io-index"
checksum = "567b077b825e468cc974f0020d4082ee6e03132512f207ef1a02fd5d00d1f32d"

[[package]]
name = "arrayvec"
version = "0.5.1"
source = "registry+https://github.com/rust-lang/crates.io-index"
checksum = "cff77d8686867eceff3105329d4698d96c2391c176d5d03adc90c7389162b5b8"

[[package]]
name = "base64"
version = "0.12.2"
source = "registry+https://github.com/rust-lang/crates.io-index"
checksum = "e223af0dc48c96d4f8342ec01a4974f139df863896b316681efd36742f22cc67"

[[package]]
name = "bitflags"
version = "1.2.1"
source = "registry+https://github.com/rust-lang/crates.io-index"
checksum = "cf1de2fe8c75bc145a2f577add951f8134889b4795d47466a54a5c846d691693"

[[package]]
name = "cc"
version = "1.0.54"
source = "registry+https://github.com/rust-lang/crates.io-index"
checksum = "7bbb73db36c1246e9034e307d0fba23f9a2e251faa47ade70c1bd252220c8311"

[[package]]
name = "cfg-if"
version = "0.1.10"
source = "registry+https://github.com/rust-lang/crates.io-index"
checksum = "4785bdd1c96b2a846b2bd7cc02e86b6b3dbf14e7e53446c4f54c92a361040822"

[[package]]
name = "cmake"
version = "0.1.44"
source = "registry+https://github.com/rust-lang/crates.io-index"
checksum = "0e56268c17a6248366d66d4a47a3381369d068cce8409bb1716ed77ea32163bb"
dependencies = [
 "cc",
]

[[package]]
name = "core-foundation"
version = "0.7.0"
source = "registry+https://github.com/rust-lang/crates.io-index"
checksum = "57d24c7a13c43e870e37c1556b74555437870a04514f7685f5b354e090567171"
dependencies = [
 "core-foundation-sys",
 "libc",
]

[[package]]
name = "core-foundation-sys"
version = "0.7.0"
source = "registry+https://github.com/rust-lang/crates.io-index"
checksum = "b3a71ab494c0b5b860bdc8407ae08978052417070c2ced38573a9157ad75b8ac"

[[package]]
name = "core-graphics"
version = "0.19.0"
source = "registry+https://github.com/rust-lang/crates.io-index"
checksum = "59e78b2e0aaf43f08e7ae0d6bc96895ef72ff0921c7d4ff4762201b2dba376dd"
dependencies = [
 "bitflags",
 "core-foundation",
 "foreign-types",
 "libc",
]

[[package]]
name = "core-text"
version = "15.0.0"
source = "registry+https://github.com/rust-lang/crates.io-index"
checksum = "131b3fd1f8bd5db9f2b398fa4fdb6008c64afc04d447c306ac2c7e98fba2a61d"
dependencies = [
 "core-foundation",
 "core-graphics",
 "foreign-types",
 "libc",
]

[[package]]
name = "crc32fast"
version = "1.2.0"
source = "registry+https://github.com/rust-lang/crates.io-index"
checksum = "ba125de2af0df55319f41944744ad91c71113bf74a4646efff39afe1f6842db1"
dependencies = [
 "cfg-if",
]

[[package]]
name = "data-url"
version = "0.1.0"
source = "registry+https://github.com/rust-lang/crates.io-index"
checksum = "d33fe99ccedd6e84bc035f1931bb2e6be79739d6242bd895e7311c886c50dc9c"
dependencies = [
 "matches",
]

[[package]]
name = "flate2"
version = "1.0.14"
source = "registry+https://github.com/rust-lang/crates.io-index"
checksum = "2cfff41391129e0a856d6d822600b8d71179d46879e310417eb9c762eb178b42"
dependencies = [
 "cfg-if",
 "crc32fast",
 "libc",
 "miniz_oxide",
]

[[package]]
name = "float-cmp"
version = "0.5.3"
source = "registry+https://github.com/rust-lang/crates.io-index"
checksum = "75224bec9bfe1a65e2d34132933f2de7fe79900c96a0174307554244ece8150e"

[[package]]
name = "foreign-types"
version = "0.3.2"
source = "registry+https://github.com/rust-lang/crates.io-index"
checksum = "f6f339eb8adc052cd2ca78910fda869aefa38d22d5cb648e6485e4d3fc06f3b1"
dependencies = [
 "foreign-types-shared",
]

[[package]]
name = "foreign-types-shared"
version = "0.1.1"
source = "registry+https://github.com/rust-lang/crates.io-index"
checksum = "00b0228411908ca8685dba7fc2cdd70ec9990a6e753e89b6ac91a84c40fbaf4b"

[[package]]
name = "freetype"
version = "0.5.1"
source = "registry+https://github.com/rust-lang/crates.io-index"
checksum = "b73222ab32d9ad65fe0e1c3258da8d614fd47cf19fce92b09eb520060c5c5ad5"
dependencies = [
 "freetype-sys",
 "libc",
]

[[package]]
name = "freetype-sys"
version = "0.11.0"
source = "registry+https://github.com/rust-lang/crates.io-index"
checksum = "d48ac0ce366dd47a115ec8e598d7c51b4a974fc52ded5e53a56b31f55f34f3ea"
dependencies = [
 "cmake",
 "libc",
 "pkg-config",
]

[[package]]
name = "harfbuzz-sys"
version = "0.4.0"
source = "registry+https://github.com/rust-lang/crates.io-index"
checksum = "8c50680ef38c3c83947499b5df4f340db5b436807dfa2b21330d86254e2e4dd6"
dependencies = [
 "cc",
 "core-graphics",
 "core-text",
 "foreign-types",
 "freetype",
 "pkg-config",
]

[[package]]
name = "harfbuzz_rs"
version = "1.1.1"
source = "registry+https://github.com/rust-lang/crates.io-index"
checksum = "31961611d8fe594957a088a0e50913a8c2b02563bd3ce39a5840ee697a6907ba"
dependencies = [
 "bitflags",
 "harfbuzz-sys",
]

[[package]]
name = "kurbo"
version = "0.6.1"
source = "registry+https://github.com/rust-lang/crates.io-index"
checksum = "2520c9c9010461ec2b4573599bca458272319a314fd0b9476cacfcb9b6e5adc8"
dependencies = [
 "arrayvec",
]

[[package]]
name = "libc"
version = "0.2.71"
source = "registry+https://github.com/rust-lang/crates.io-index"
checksum = "9457b06509d27052635f90d6466700c65095fdf75409b3fbdd903e988b886f49"

[[package]]
name = "log"
version = "0.4.8"
source = "registry+https://github.com/rust-lang/crates.io-index"
checksum = "14b6052be84e6b71ab17edffc2eeabf5c2c3ae1fdb464aae35ac50c67a44e1f7"
dependencies = [
 "cfg-if",
]

[[package]]
name = "matches"
version = "0.1.8"
source = "registry+https://github.com/rust-lang/crates.io-index"
checksum = "7ffc5c5338469d4d3ea17d269fa8ea3512ad247247c30bd2df69e68309ed0a08"

[[package]]
name = "memmap2"
version = "0.1.0"
source = "registry+https://github.com/rust-lang/crates.io-index"
checksum = "d9b70ca2a6103ac8b665dc150b142ef0e4e89df640c9e6cf295d189c3caebe5a"
dependencies = [
 "libc",
]

[[package]]
name = "miniz_oxide"
version = "0.3.7"
source = "registry+https://github.com/rust-lang/crates.io-index"
checksum = "791daaae1ed6889560f8c4359194f56648355540573244a5448a83ba1ecc7435"
dependencies = [
 "adler32",
]

[[package]]
name = "pico-args"
version = "0.3.2"
source = "registry+https://github.com/rust-lang/crates.io-index"
checksum = "6a71836ceac43f0349e3bd964f5bb902f7b003916f32a4ad00354dafc447fa8f"

[[package]]
name = "pkg-config"
version = "0.3.17"
source = "registry+https://github.com/rust-lang/crates.io-index"
checksum = "05da548ad6865900e60eaba7f589cc0783590a92e940c26953ff81ddbab2d677"

[[package]]
name = "rctree"
version = "0.3.3"
source = "registry+https://github.com/rust-lang/crates.io-index"
checksum = "be9e29cb19c8fe84169fcb07f8f11e66bc9e6e0280efd4715c54818296f8a4a8"

[[package]]
name = "resvg-qt"
version = "0.10.0"
dependencies = [
 "cc",
 "log",
 "pico-args",
 "pkg-config",
 "rgb",
 "svgfilters",
 "usvg 0.10.0 (registry+https://github.com/rust-lang/crates.io-index)",
]

[[package]]
name = "resvg-qt-capi"
version = "0.10.0"
dependencies = [
 "log",
 "resvg-qt",
 "usvg 0.10.0",
]

[[package]]
name = "rgb"
version = "0.8.18"
source = "registry+https://github.com/rust-lang/crates.io-index"
checksum = "6714061b32e0b0527005d5874c28a57d905559fecfacd361462ad0b01e701996"

[[package]]
name = "roxmltree"
version = "0.11.0"
source = "registry+https://github.com/rust-lang/crates.io-index"
checksum = "d5001f134077069d87f77c8b9452b690df2445f7a43f1c7ca4a1af8dd505789d"
dependencies = [
 "xmlparser",
]

[[package]]
name = "simplecss"
version = "0.2.0"
source = "registry+https://github.com/rust-lang/crates.io-index"
checksum = "596554e63596d556a0dbd681416342ca61c75f1a45203201e7e77d3fa2fa9014"
dependencies = [
 "log",
]

[[package]]
name = "siphasher"
version = "0.2.3"
source = "registry+https://github.com/rust-lang/crates.io-index"
checksum = "0b8de496cf83d4ed58b6be86c3a275b8602f6ffe98d3024a869e124147a9a3ac"

[[package]]
name = "svgfilters"
version = "0.1.0"
source = "registry+https://github.com/rust-lang/crates.io-index"
checksum = "08035a14ca51cbc8dde5470f9109615e6acf181020dc9f1cfba9c12efd31ad84"
dependencies = [
 "float-cmp",
 "rgb",
]

[[package]]
name = "svgtypes"
version = "0.5.0"
source = "registry+https://github.com/rust-lang/crates.io-index"
checksum = "9c536faaff1a10837cfe373142583f6e27d81e96beba339147e77b67c9f260ff"
dependencies = [
 "float-cmp",
 "siphasher",
]

[[package]]
name = "ttf-parser"
version = "0.6.1"
source = "registry+https://github.com/rust-lang/crates.io-index"
checksum = "52fbe7769f5af5d7d25aea74b9443b64e544a5ffb4d2b2968295ddea934f1a06"

[[package]]
name = "unicode-bidi"
version = "0.3.4"
source = "registry+https://github.com/rust-lang/crates.io-index"
checksum = "49f2bd0c6468a8230e1db229cff8029217cf623c767ea5d60bfbd42729ea54d5"
dependencies = [
 "matches",
]

[[package]]
name = "unicode-script"
version = "0.5.1"
source = "registry+https://github.com/rust-lang/crates.io-index"
checksum = "58b33414ea8db4b7ea0343548dbdc31d27aef06beacf7044a87e564d9b0feb7d"

[[package]]
name = "unicode-vo"
version = "0.1.0"
source = "registry+https://github.com/rust-lang/crates.io-index"
checksum = "b1d386ff53b415b7fe27b50bb44679e2cc4660272694b7b6f3326d8480823a94"

[[package]]
name = "usvg"
version = "0.10.0"
dependencies = [
 "base64",
 "data-url",
 "flate2",
 "harfbuzz_rs",
 "kurbo",
 "log",
 "memmap2",
 "pico-args",
 "rctree",
 "roxmltree",
 "simplecss",
 "siphasher",
 "svgtypes",
 "ttf-parser",
 "unicode-bidi",
 "unicode-script",
 "unicode-vo",
 "xmlwriter",
]

[[package]]
name = "usvg"
version = "0.10.0"
source = "registry+https://github.com/rust-lang/crates.io-index"
checksum = "d681fd78e7926787a4e23c67beb18472525a10cb161d98e12f8a0a751f699ef8"
dependencies = [
 "base64",
 "data-url",
 "flate2",
 "harfbuzz_rs",
 "kurbo",
 "log",
 "memmap2",
 "pico-args",
 "rctree",
 "roxmltree",
 "simplecss",
 "siphasher",
 "svgtypes",
 "ttf-parser",
 "unicode-bidi",
 "unicode-script",
 "unicode-vo",
 "xmlwriter",
]

[[package]]
name = "xmlparser"
version = "0.13.2"
source = "registry+https://github.com/rust-lang/crates.io-index"
checksum = "52613e655f6f11f63c0fe7d1c3b5ef69e44d96df9b65dab296b441ed0e1125f5"

[[package]]
name = "xmlwriter"
version = "0.1.0"
source = "registry+https://github.com/rust-lang/crates.io-index"
checksum = "ec7a2a501ed189703dba8b08142f057e887dfc4b2cc4db2d343ac6376ba3e0b9"
